
Microsoft Visual Studio Solution File, Format Version 12.00
# Visual Studio Version 16
VisualStudioVersion = 16.0.29519.181
MinimumVisualStudioVersion = 10.0.40219.1
Project("{2150E333-8FDC-42A3-9474-1A3956D46DE8}") = "Web", "Web", "{784A9549-6960-4878-BE38-507594997584}"
EndProject
Project("{9A19103F-16F7-4668-BE54-9A1E7A4F7556}") = "Learn.Web", "Web\Learn.Web\Learn.Web.csproj", "{25E3E145-1E01-4CC6-B584-E5D665CB9AE9}"
EndProject
Project("{2150E333-8FDC-42A3-9474-1A3956D46DE8}") = "Bll", "Bll", "{A92AF0C4-572E-4E0F-B3A0-ED1C196F12A3}"
EndProject
Project("{2150E333-8FDC-42A3-9474-1A3956D46DE8}") = "Dal", "Dal", "{D5214D0F-DE29-4003-9927-B5E2E6E5B03F}"
EndProject
Project("{2150E333-8FDC-42A3-9474-1A3956D46DE8}") = "Application", "Application", "{14A79E0B-9CC0-4430-A904-4299A88AB9AF}"
EndProject
Project("{9A19103F-16F7-4668-BE54-9A1E7A4F7556}") = "Learn.Bll", "Bll\Learn.Bll\Learn.Bll.csproj", "{72B0BD6A-9F60-4230-BDE8-C6AD2B161D17}"
EndProject
Project("{9A19103F-16F7-4668-BE54-9A1E7A4F7556}") = "Learn.Bll.EF", "Bll\Learn.Bll.EF\Learn.Bll.EF.csproj", "{B75A9055-AC7A-410B-B848-98225BC76294}"
EndProject
Project("{2150E333-8FDC-42A3-9474-1A3956D46DE8}") = "Common", "Common", "{D74E9C5F-F38A-4638-8011-9868FF5A382F}"
EndProject
Project("{2150E333-8FDC-42A3-9474-1A3956D46DE8}") = "Util", "Util", "{679B8199-B887-4419-9EBB-A3A9E8AEE2A9}"
EndProject
Project("{9A19103F-16F7-4668-BE54-9A1E7A4F7556}") = "Learn.Util", "Common\Learn.Util\Learn.Util\Learn.Util.csproj", "{8638BAEE-0F0F-4888-9755-0A5D8A4AC841}"
EndProject
Project("{9A19103F-16F7-4668-BE54-9A1E7A4F7556}") = "Learn.Util.Extension", "Common\Learn.Util\Learn.Util.Extension\Learn.Util.Extension.csproj", "{C4BB7A25-B31A-45A4-ADA6-058C63407620}"
EndProject
Project("{9A19103F-16F7-4668-BE54-9A1E7A4F7556}") = "Learn.Util.Model", "Common\Learn.Util\Learn.Util.Model\Learn.Util.Model.csproj", "{1B33498C-EF61-405E-8FBC-B0196FFACF70}"
EndProject
Project("{9A19103F-16F7-4668-BE54-9A1E7A4F7556}") = "Learn.Util.Log", "Common\Learn.Util\Learn.Util.Log\Learn.Util.Log.csproj", "{72830118-B941-4649-8927-93FA5C373A18}"
EndProject
Project("{2150E333-8FDC-42A3-9474-1A3956D46DE8}") = "Cache", "Cache", "{2E9F8C4F-33F5-4AA2-B7C5-FEACC2055BE9}"
EndProject
Project("{9A19103F-16F7-4668-BE54-9A1E7A4F7556}") = "Learn.Cache", "Common\Cache\Learn.Cache\Learn.Cache.csproj", "{F1485054-25DB-4ABC-AC9E-174B18765E17}"
EndProject
Project("{9A19103F-16F7-4668-BE54-9A1E7A4F7556}") = "Learn.Cache.Factory", "Common\Cache\Learn.Cache.Factory\Learn.Cache.Factory.csproj", "{102DDB8E-40CC-4F31-9D15-BA200C119E24}"
EndProject
Project("{9A19103F-16F7-4668-BE54-9A1E7A4F7556}") = "Learn.Cache.Redis", "Common\Cache\Learn.Cache.Redis\Learn.Cache.Redis.csproj", "{ED8BF256-2A41-4132-869A-83C5E4B5225D}"
EndProject
Project("{9A19103F-16F7-4668-BE54-9A1E7A4F7556}") = "Learn.Dal.Service", "Dal\Learn.Dal.Service\Learn.Dal.Service.csproj", "{A2E81169-3411-4062-A8B2-1AC7F2606A22}"
EndProject
Project("{9A19103F-16F7-4668-BE54-9A1E7A4F7556}") = "Learn.Dal.IService", "Dal\Learn.Dal.IService\Learn.Dal.IService.csproj", "{DB4FEF95-FD0F-44BB-A599-8899482FE6A1}"
EndProject
Project("{9A19103F-16F7-4668-BE54-9A1E7A4F7556}") = "Learn.Dal.Busines", "Dal\Learn.Dal.Busines\Learn.Dal.Busines.csproj", "{F3DC5DD0-74F6-4E8C-AA1B-3956F00CA2BA}"
EndProject
Project("{9A19103F-16F7-4668-BE54-9A1E7A4F7556}") = "Learn.Dal.Entity", "Dal\Learn.Dal.Entity\Learn.Dal.Entity.csproj", "{298031F6-E073-4508-B218-405E5979710E}"
EndProject
Project("{9A19103F-16F7-4668-BE54-9A1E7A4F7556}") = "Learn.Dal.Cache", "Dal\Learn.Dal.Cache\Learn.Dal.Cache.csproj", "{0270D25D-2FE6-4C22-817A-7B4539F09A64}"
EndProject
Project("{9A19103F-16F7-4668-BE54-9A1E7A4F7556}") = "Learn.Util.Enum", "Common\Learn.Util\Learn.Util.Enum\Learn.Util.Enum.csproj", "{098FCDAA-6D5C-4C55-83DC-CB355F819E71}"
EndProject
Project("{9A19103F-16F7-4668-BE54-9A1E7A4F7556}") = "Learn.Bll.Repository", "Bll\Learn.Bll.Repository\Learn.Bll.Repository.csproj", "{B2A0AFD6-0AD1-439F-B7FB-79F72FA9E14A}"
EndProject
Project("{9A19103F-16F7-4668-BE54-9A1E7A4F7556}") = "Learn.Dal.Model", "Dal\Learn.Dal.Model\Learn.Dal.Model.csproj", "{E3D566D2-C91B-4A6F-A6CC-878921EA69B2}"
EndProject
Project("{9A19103F-16F7-4668-BE54-9A1E7A4F7556}") = "Learn.Web.Code", "Web\Learn.Web.Code\Learn.Web.Code.csproj", "{43278EAB-E970-4E6F-8E69-6386DBAEA451}"
EndProject
Project("{FAE04EC0-301F-11D3-BF4B-00C04F79EFBC}") = "Learn.WebApi", "WebApi\Learn.WebApi\Learn.WebApi.csproj", "{1E672672-60E2-4515-9862-AB6FB7F4DD8F}"
EndProject
Global
	GlobalSection(SolutionConfigurationPlatforms) = preSolution
		Debug|Any CPU = Debug|Any CPU
		Release|Any CPU = Release|Any CPU
	EndGlobalSection
	GlobalSection(ProjectConfigurationPlatforms) = postSolution
		{25E3E145-1E01-4CC6-B584-E5D665CB9AE9}.Debug|Any CPU.ActiveCfg = Debug|Any CPU
		{25E3E145-1E01-4CC6-B584-E5D665CB9AE9}.Debug|Any CPU.Build.0 = Debug|Any CPU
		{25E3E145-1E01-4CC6-B584-E5D665CB9AE9}.Release|Any CPU.ActiveCfg = Release|Any CPU
		{25E3E145-1E01-4CC6-B584-E5D665CB9AE9}.Release|Any CPU.Build.0 = Release|Any CPU
		{72B0BD6A-9F60-4230-BDE8-C6AD2B161D17}.Debug|Any CPU.ActiveCfg = Debug|Any CPU
		{72B0BD6A-9F60-4230-BDE8-C6AD2B161D17}.Debug|Any CPU.Build.0 = Debug|Any CPU
		{72B0BD6A-9F60-4230-BDE8-C6AD2B161D17}.Release|Any CPU.ActiveCfg = Release|Any CPU
		{72B0BD6A-9F60-4230-BDE8-C6AD2B161D17}.Release|Any CPU.Build.0 = Release|Any CPU
		{B75A9055-AC7A-410B-B848-98225BC76294}.Debug|Any CPU.ActiveCfg = Debug|Any CPU
		{B75A9055-AC7A-410B-B848-98225BC76294}.Debug|Any CPU.Build.0 = Debug|Any CPU
		{B75A9055-AC7A-410B-B848-98225BC76294}.Release|Any CPU.ActiveCfg = Release|Any CPU
		{B75A9055-AC7A-410B-B848-98225BC76294}.Release|Any CPU.Build.0 = Release|Any CPU
		{8638BAEE-0F0F-4888-9755-0A5D8A4AC841}.Debug|Any CPU.ActiveCfg = Debug|Any CPU
		{8638BAEE-0F0F-4888-9755-0A5D8A4AC841}.Debug|Any CPU.Build.0 = Debug|Any CPU
		{8638BAEE-0F0F-4888-9755-0A5D8A4AC841}.Release|Any CPU.ActiveCfg = Release|Any CPU
		{8638BAEE-0F0F-4888-9755-0A5D8A4AC841}.Release|Any CPU.Build.0 = Release|Any CPU
		{C4BB7A25-B31A-45A4-ADA6-058C63407620}.Debug|Any CPU.ActiveCfg = Debug|Any CPU
		{C4BB7A25-B31A-45A4-ADA6-058C63407620}.Debug|Any CPU.Build.0 = Debug|Any CPU
		{C4BB7A25-B31A-45A4-ADA6-058C63407620}.Release|Any CPU.ActiveCfg = Release|Any CPU
		{C4BB7A25-B31A-45A4-ADA6-058C63407620}.Release|Any CPU.Build.0 = Release|Any CPU
		{1B33498C-EF61-405E-8FBC-B0196FFACF70}.Debug|Any CPU.ActiveCfg = Debug|Any CPU
		{1B33498C-EF61-405E-8FBC-B0196FFACF70}.Debug|Any CPU.Build.0 = Debug|Any CPU
		{1B33498C-EF61-405E-8FBC-B0196FFACF70}.Release|Any CPU.ActiveCfg = Release|Any CPU
		{1B33498C-EF61-405E-8FBC-B0196FFACF70}.Release|Any CPU.Build.0 = Release|Any CPU
		{72830118-B941-4649-8927-93FA5C373A18}.Debug|Any CPU.ActiveCfg = Debug|Any CPU
		{72830118-B941-4649-8927-93FA5C373A18}.Debug|Any CPU.Build.0 = Debug|Any CPU
		{72830118-B941-4649-8927-93FA5C373A18}.Release|Any CPU.ActiveCfg = Release|Any CPU
		{72830118-B941-4649-8927-93FA5C373A18}.Release|Any CPU.Build.0 = Release|Any CPU
		{F1485054-25DB-4ABC-AC9E-174B18765E17}.Debug|Any CPU.ActiveCfg = Debug|Any CPU
		{F1485054-25DB-4ABC-AC9E-174B18765E17}.Debug|Any CPU.Build.0 = Debug|Any CPU
		{F1485054-25DB-4ABC-AC9E-174B18765E17}.Release|Any CPU.ActiveCfg = Release|Any CPU
		{F1485054-25DB-4ABC-AC9E-174B18765E17}.Release|Any CPU.Build.0 = Release|Any CPU
		{102DDB8E-40CC-4F31-9D15-BA200C119E24}.Debug|Any CPU.ActiveCfg = Debug|Any CPU
		{102DDB8E-40CC-4F31-9D15-BA200C119E24}.Debug|Any CPU.Build.0 = Debug|Any CPU
		{102DDB8E-40CC-4F31-9D15-BA200C119E24}.Release|Any CPU.ActiveCfg = Release|Any CPU
		{102DDB8E-40CC-4F31-9D15-BA200C119E24}.Release|Any CPU.Build.0 = Release|Any CPU
		{ED8BF256-2A41-4132-869A-83C5E4B5225D}.Debug|Any CPU.ActiveCfg = Debug|Any CPU
		{ED8BF256-2A41-4132-869A-83C5E4B5225D}.Debug|Any CPU.Build.0 = Debug|Any CPU
		{ED8BF256-2A41-4132-869A-83C5E4B5225D}.Release|Any CPU.ActiveCfg = Release|Any CPU
		{ED8BF256-2A41-4132-869A-83C5E4B5225D}.Release|Any CPU.Build.0 = Release|Any CPU
		{A2E81169-3411-4062-A8B2-1AC7F2606A22}.Debug|Any CPU.ActiveCfg = Debug|Any CPU
		{A2E81169-3411-4062-A8B2-1AC7F2606A22}.Debug|Any CPU.Build.0 = Debug|Any CPU
		{A2E81169-3411-4062-A8B2-1AC7F2606A22}.Release|Any CPU.ActiveCfg = Release|Any CPU
		{A2E81169-3411-4062-A8B2-1AC7F2606A22}.Release|Any CPU.Build.0 = Release|Any CPU
		{DB4FEF95-FD0F-44BB-A599-8899482FE6A1}.Debug|Any CPU.ActiveCfg = Debug|Any CPU
		{DB4FEF95-FD0F-44BB-A599-8899482FE6A1}.Debug|Any CPU.Build.0 = Debug|Any CPU
		{DB4FEF95-FD0F-44BB-A599-8899482FE6A1}.Release|Any CPU.ActiveCfg = Release|Any CPU
		{DB4FEF95-FD0F-44BB-A599-8899482FE6A1}.Release|Any CPU.Build.0 = Release|Any CPU
		{F3DC5DD0-74F6-4E8C-AA1B-3956F00CA2BA}.Debug|Any CPU.ActiveCfg = Debug|Any CPU
		{F3DC5DD0-74F6-4E8C-AA1B-3956F00CA2BA}.Debug|Any CPU.Build.0 = Debug|Any CPU
		{F3DC5DD0-74F6-4E8C-AA1B-3956F00CA2BA}.Release|Any CPU.ActiveCfg = Release|Any CPU
		{F3DC5DD0-74F6-4E8C-AA1B-3956F00CA2BA}.Release|Any CPU.Build.0 = Release|Any CPU
		{298031F6-E073-4508-B218-405E5979710E}.Debug|Any CPU.ActiveCfg = Debug|Any CPU
		{298031F6-E073-4508-B218-405E5979710E}.Debug|Any CPU.Build.0 = Debug|Any CPU
		{298031F6-E073-4508-B218-405E5979710E}.Release|Any CPU.ActiveCfg = Release|Any CPU
		{298031F6-E073-4508-B218-405E5979710E}.Release|Any CPU.Build.0 = Release|Any CPU
		{0270D25D-2FE6-4C22-817A-7B4539F09A64}.Debug|Any CPU.ActiveCfg = Debug|Any CPU
		{0270D25D-2FE6-4C22-817A-7B4539F09A64}.Debug|Any CPU.Build.0 = Debug|Any CPU
		{0270D25D-2FE6-4C22-817A-7B4539F09A64}.Release|Any CPU.ActiveCfg = Release|Any CPU
		{0270D25D-2FE6-4C22-817A-7B4539F09A64}.Release|Any CPU.Build.0 = Release|Any CPU
		{098FCDAA-6D5C-4C55-83DC-CB355F819E71}.Debug|Any CPU.ActiveCfg = Debug|Any CPU
		{098FCDAA-6D5C-4C55-83DC-CB355F819E71}.Debug|Any CPU.Build.0 = Debug|Any CPU
		{098FCDAA-6D5C-4C55-83DC-CB355F819E71}.Release|Any CPU.ActiveCfg = Release|Any CPU
		{098FCDAA-6D5C-4C55-83DC-CB355F819E71}.Release|Any CPU.Build.0 = Release|Any CPU
		{B2A0AFD6-0AD1-439F-B7FB-79F72FA9E14A}.Debug|Any CPU.ActiveCfg = Debug|Any CPU
		{B2A0AFD6-0AD1-439F-B7FB-79F72FA9E14A}.Debug|Any CPU.Build.0 = Debug|Any CPU
		{B2A0AFD6-0AD1-439F-B7FB-79F72FA9E14A}.Release|Any CPU.ActiveCfg = Release|Any CPU
		{B2A0AFD6-0AD1-439F-B7FB-79F72FA9E14A}.Release|Any CPU.Build.0 = Release|Any CPU
		{E3D566D2-C91B-4A6F-A6CC-878921EA69B2}.Debug|Any CPU.ActiveCfg = Debug|Any CPU
		{E3D566D2-C91B-4A6F-A6CC-878921EA69B2}.Debug|Any CPU.Build.0 = Debug|Any CPU
		{E3D566D2-C91B-4A6F-A6CC-878921EA69B2}.Release|Any CPU.ActiveCfg = Release|Any CPU
		{E3D566D2-C91B-4A6F-A6CC-878921EA69B2}.Release|Any CPU.Build.0 = Release|Any CPU
		{43278EAB-E970-4E6F-8E69-6386DBAEA451}.Debug|Any CPU.ActiveCfg = Debug|Any CPU
		{43278EAB-E970-4E6F-8E69-6386DBAEA451}.Debug|Any CPU.Build.0 = Debug|Any CPU
		{43278EAB-E970-4E6F-8E69-6386DBAEA451}.Release|Any CPU.ActiveCfg = Release|Any CPU
		{43278EAB-E970-4E6F-8E69-6386DBAEA451}.Release|Any CPU.Build.0 = Release|Any CPU
		{1E672672-60E2-4515-9862-AB6FB7F4DD8F}.Debug|Any CPU.ActiveCfg = Debug|Any CPU
		{1E672672-60E2-4515-9862-AB6FB7F4DD8F}.Debug|Any CPU.Build.0 = Debug|Any CPU
		{1E672672-60E2-4515-9862-AB6FB7F4DD8F}.Release|Any CPU.ActiveCfg = Release|Any CPU
		{1E672672-60E2-4515-9862-AB6FB7F4DD8F}.Release|Any CPU.Build.0 = Release|Any CPU
	EndGlobalSection
	GlobalSection(SolutionProperties) = preSolution
		HideSolutionNode = FALSE
	EndGlobalSection
	GlobalSection(NestedProjects) = preSolution
		{25E3E145-1E01-4CC6-B584-E5D665CB9AE9} = {784A9549-6960-4878-BE38-507594997584}
		{72B0BD6A-9F60-4230-BDE8-C6AD2B161D17} = {A92AF0C4-572E-4E0F-B3A0-ED1C196F12A3}
		{B75A9055-AC7A-410B-B848-98225BC76294} = {A92AF0C4-572E-4E0F-B3A0-ED1C196F12A3}
		{679B8199-B887-4419-9EBB-A3A9E8AEE2A9} = {D74E9C5F-F38A-4638-8011-9868FF5A382F}
		{8638BAEE-0F0F-4888-9755-0A5D8A4AC841} = {679B8199-B887-4419-9EBB-A3A9E8AEE2A9}
		{C4BB7A25-B31A-45A4-ADA6-058C63407620} = {679B8199-B887-4419-9EBB-A3A9E8AEE2A9}
		{1B33498C-EF61-405E-8FBC-B0196FFACF70} = {679B8199-B887-4419-9EBB-A3A9E8AEE2A9}
		{72830118-B941-4649-8927-93FA5C373A18} = {679B8199-B887-4419-9EBB-A3A9E8AEE2A9}
		{2E9F8C4F-33F5-4AA2-B7C5-FEACC2055BE9} = {D74E9C5F-F38A-4638-8011-9868FF5A382F}
		{F1485054-25DB-4ABC-AC9E-174B18765E17} = {2E9F8C4F-33F5-4AA2-B7C5-FEACC2055BE9}
		{102DDB8E-40CC-4F31-9D15-BA200C119E24} = {2E9F8C4F-33F5-4AA2-B7C5-FEACC2055BE9}
		{ED8BF256-2A41-4132-869A-83C5E4B5225D} = {2E9F8C4F-33F5-4AA2-B7C5-FEACC2055BE9}
		{A2E81169-3411-4062-A8B2-1AC7F2606A22} = {D5214D0F-DE29-4003-9927-B5E2E6E5B03F}
		{DB4FEF95-FD0F-44BB-A599-8899482FE6A1} = {D5214D0F-DE29-4003-9927-B5E2E6E5B03F}
		{F3DC5DD0-74F6-4E8C-AA1B-3956F00CA2BA} = {D5214D0F-DE29-4003-9927-B5E2E6E5B03F}
		{298031F6-E073-4508-B218-405E5979710E} = {D5214D0F-DE29-4003-9927-B5E2E6E5B03F}
		{0270D25D-2FE6-4C22-817A-7B4539F09A64} = {D5214D0F-DE29-4003-9927-B5E2E6E5B03F}
		{098FCDAA-6D5C-4C55-83DC-CB355F819E71} = {679B8199-B887-4419-9EBB-A3A9E8AEE2A9}
		{B2A0AFD6-0AD1-439F-B7FB-79F72FA9E14A} = {A92AF0C4-572E-4E0F-B3A0-ED1C196F12A3}
		{E3D566D2-C91B-4A6F-A6CC-878921EA69B2} = {D5214D0F-DE29-4003-9927-B5E2E6E5B03F}
		{43278EAB-E970-4E6F-8E69-6386DBAEA451} = {784A9549-6960-4878-BE38-507594997584}
		{1E672672-60E2-4515-9862-AB6FB7F4DD8F} = {784A9549-6960-4878-BE38-507594997584}
	EndGlobalSection
	GlobalSection(ExtensibilityGlobals) = postSolution
		SolutionGuid = {80DD607A-2DCA-42CF-BFA9-F62BB0E576E2}
	EndGlobalSection
EndGlobal
